// !$*UTF8*$!
{
	archiveVersion = 1;
	classes = {
	};
	objectVersion = 56;
	objects = {

/* Begin PBXBuildFile section */
		110F64882BDC0BAA0031CC8B /* Nyoba_ARKit_LagiApp.swift in Sources */ = {isa = PBXBuildFile; fileRef = 110F64872BDC0BAA0031CC8B /* Nyoba_ARKit_LagiApp.swift */; };
		110F648A2BDC0BAA0031CC8B /* ContentView.swift in Sources */ = {isa = PBXBuildFile; fileRef = 110F64892BDC0BAA0031CC8B /* ContentView.swift */; };
		110F648C2BDC0BAC0031CC8B /* Assets.xcassets in Resources */ = {isa = PBXBuildFile; fileRef = 110F648B2BDC0BAC0031CC8B /* Assets.xcassets */; };
		110F648F2BDC0BAC0031CC8B /* Preview Assets.xcassets in Resources */ = {isa = PBXBuildFile; fileRef = 110F648E2BDC0BAC0031CC8B /* Preview Assets.xcassets */; };
		110F649A2BDC0C610031CC8B /* ARManager.swift in Sources */ = {isa = PBXBuildFile; fileRef = 110F64962BDC0C610031CC8B /* ARManager.swift */; };
		110F649B2BDC0C610031CC8B /* CustomARView.swift in Sources */ = {isa = PBXBuildFile; fileRef = 110F64972BDC0C610031CC8B /* CustomARView.swift */; };
		110F649C2BDC0C610031CC8B /* CustomARViewRepresentable.swift in Sources */ = {isa = PBXBuildFile; fileRef = 110F64982BDC0C610031CC8B /* CustomARViewRepresentable.swift */; };
		110F649D2BDC0C610031CC8B /* ARAction.swift in Sources */ = {isa = PBXBuildFile; fileRef = 110F64992BDC0C610031CC8B /* ARAction.swift */; };
		110F64A02BDC0E040031CC8B /* Mountain_BG.png in Resources */ = {isa = PBXBuildFile; fileRef = 110F649F2BDC0E040031CC8B /* Mountain_BG.png */; };
		110F64A22BDC0E120031CC8B /* Tiger.usdz in Resources */ = {isa = PBXBuildFile; fileRef = 110F64A12BDC0E110031CC8B /* Tiger.usdz */; };
		110F64A92BDF8BB50031CC8B /* Maple_Tree.usdz in Resources */ = {isa = PBXBuildFile; fileRef = 110F64A82BDF8BB50031CC8B /* Maple_Tree.usdz */; };
		110F64B12BDFB2FE0031CC8B /* Pohon_Jauh.usdz in Resources */ = {isa = PBXBuildFile; fileRef = 110F64B02BDFB2FE0031CC8B /* Pohon_Jauh.usdz */; };
		11FB4C932BE0D96700C42364 /* tiger_roar.mp3 in Resources */ = {isa = PBXBuildFile; fileRef = 11FB4C922BE0D96700C42364 /* tiger_roar.mp3 */; };
		11FB4C962BE226C600C42364 /* Semak.usdz in Resources */ = {isa = PBXBuildFile; fileRef = 11FB4C942BE226C600C42364 /* Semak.usdz */; };
		11FB4C972BE226C600C42364 /* Ground.usdz in Resources */ = {isa = PBXBuildFile; fileRef = 11FB4C952BE226C600C42364 /* Ground.usdz */; };
		11FB4C992BE2372600C42364 /* Forest_Ambient.wav in Resources */ = {isa = PBXBuildFile; fileRef = 11FB4C982BE2372600C42364 /* Forest_Ambient.wav */; };
		11FB4C9C2BE23C3400C42364 /* Fog.sks in Resources */ = {isa = PBXBuildFile; fileRef = 11FB4C9A2BE23C3400C42364 /* Fog.sks */; };
		11FB4C9D2BE23C3400C42364 /* Assets.xcassets in Resources */ = {isa = PBXBuildFile; fileRef = 11FB4C9B2BE23C3400C42364 /* Assets.xcassets */; };
		11FB4CA72BE2B11F00C42364 /* steps_dirt_1.mp3 in Resources */ = {isa = PBXBuildFile; fileRef = 11FB4CA02BE2B11F00C42364 /* steps_dirt_1.mp3 */; };
		11FB4CA82BE2B11F00C42364 /* steps_dirt_2.mp3 in Resources */ = {isa = PBXBuildFile; fileRef = 11FB4CA12BE2B11F00C42364 /* steps_dirt_2.mp3 */; };
		11FB4CA92BE2B11F00C42364 /* steps_dirt_3.mp3 in Resources */ = {isa = PBXBuildFile; fileRef = 11FB4CA22BE2B11F00C42364 /* steps_dirt_3.mp3 */; };
		11FB4CAA2BE2B11F00C42364 /* steps_dirt_4.mp3 in Resources */ = {isa = PBXBuildFile; fileRef = 11FB4CA32BE2B11F00C42364 /* steps_dirt_4.mp3 */; };
		11FB4CAB2BE2B11F00C42364 /* steps_dirt_5.mp3 in Resources */ = {isa = PBXBuildFile; fileRef = 11FB4CA42BE2B11F00C42364 /* steps_dirt_5.mp3 */; };
		11FB4CAC2BE2B11F00C42364 /* steps_dirt_6.mp3 in Resources */ = {isa = PBXBuildFile; fileRef = 11FB4CA52BE2B11F00C42364 /* steps_dirt_6.mp3 */; };
		4B726A052BDFA04300626682 /* Page1AR.swift in Sources */ = {isa = PBXBuildFile; fileRef = 4B726A042BDFA04300626682 /* Page1AR.swift */; };
		4BD6990C2BE009560085E99B /* LandingPage.swift in Sources */ = {isa = PBXBuildFile; fileRef = 4BD6990B2BE009560085E99B /* LandingPage.swift */; };
/* End PBXBuildFile section */

/* Begin PBXFileReference section */
		110F64842BDC0BAA0031CC8B /* Nyoba_ARKit_Lagi.app */ = {isa = PBXFileReference; explicitFileType = wrapper.application; includeInIndex = 0; path = Nyoba_ARKit_Lagi.app; sourceTree = BUILT_PRODUCTS_DIR; };
		110F64872BDC0BAA0031CC8B /* Nyoba_ARKit_LagiApp.swift */ = {isa = PBXFileReference; lastKnownFileType = sourcecode.swift; path = Nyoba_ARKit_LagiApp.swift; sourceTree = "<group>"; };
		110F64892BDC0BAA0031CC8B /* ContentView.swift */ = {isa = PBXFileReference; lastKnownFileType = sourcecode.swift; path = ContentView.swift; sourceTree = "<group>"; };
		110F648B2BDC0BAC0031CC8B /* Assets.xcassets */ = {isa = PBXFileReference; lastKnownFileType = folder.assetcatalog; path = Assets.xcassets; sourceTree = "<group>"; };
		110F648E2BDC0BAC0031CC8B /* Preview Assets.xcassets */ = {isa = PBXFileReference; lastKnownFileType = folder.assetcatalog; path = "Preview Assets.xcassets"; sourceTree = "<group>"; };
		110F64962BDC0C610031CC8B /* ARManager.swift */ = {isa = PBXFileReference; fileEncoding = 4; lastKnownFileType = sourcecode.swift; path = ARManager.swift; sourceTree = "<group>"; };
		110F64972BDC0C610031CC8B /* CustomARView.swift */ = {isa = PBXFileReference; fileEncoding = 4; lastKnownFileType = sourcecode.swift; path = CustomARView.swift; sourceTree = "<group>"; };
		110F64982BDC0C610031CC8B /* CustomARViewRepresentable.swift */ = {isa = PBXFileReference; fileEncoding = 4; lastKnownFileType = sourcecode.swift; path = CustomARViewRepresentable.swift; sourceTree = "<group>"; };
		110F64992BDC0C610031CC8B /* ARAction.swift */ = {isa = PBXFileReference; fileEncoding = 4; lastKnownFileType = sourcecode.swift; path = ARAction.swift; sourceTree = "<group>"; };
		110F649F2BDC0E040031CC8B /* Mountain_BG.png */ = {isa = PBXFileReference; lastKnownFileType = image.png; path = Mountain_BG.png; sourceTree = "<group>"; };
		110F64A12BDC0E110031CC8B /* Tiger.usdz */ = {isa = PBXFileReference; lastKnownFileType = file.usdz; path = Tiger.usdz; sourceTree = "<group>"; };
		110F64A72BDEC2230031CC8B /* Nyoba-ARKit-Lagi-Info.plist */ = {isa = PBXFileReference; lastKnownFileType = text.plist; path = "Nyoba-ARKit-Lagi-Info.plist"; sourceTree = SOURCE_ROOT; };
		110F64A82BDF8BB50031CC8B /* Maple_Tree.usdz */ = {isa = PBXFileReference; lastKnownFileType = file.usdz; path = Maple_Tree.usdz; sourceTree = "<group>"; };
		110F64B02BDFB2FE0031CC8B /* Pohon_Jauh.usdz */ = {isa = PBXFileReference; lastKnownFileType = file.usdz; path = Pohon_Jauh.usdz; sourceTree = "<group>"; };
		11FB4C922BE0D96700C42364 /* tiger_roar.mp3 */ = {isa = PBXFileReference; lastKnownFileType = audio.mp3; path = tiger_roar.mp3; sourceTree = "<group>"; };
		11FB4C942BE226C600C42364 /* Semak.usdz */ = {isa = PBXFileReference; lastKnownFileType = file.usdz; path = Semak.usdz; sourceTree = "<group>"; };
		11FB4C952BE226C600C42364 /* Ground.usdz */ = {isa = PBXFileReference; lastKnownFileType = file.usdz; path = Ground.usdz; sourceTree = "<group>"; };
		11FB4C982BE2372600C42364 /* Forest_Ambient.wav */ = {isa = PBXFileReference; lastKnownFileType = audio.wav; path = Forest_Ambient.wav; sourceTree = "<group>"; };
		11FB4C9A2BE23C3400C42364 /* Fog.sks */ = {isa = PBXFileReference; lastKnownFileType = file.sks; path = Fog.sks; sourceTree = "<group>"; };
		11FB4C9B2BE23C3400C42364 /* Assets.xcassets */ = {isa = PBXFileReference; lastKnownFileType = folder.assetcatalog; path = Assets.xcassets; sourceTree = "<group>"; };
		11FB4CA02BE2B11F00C42364 /* steps_dirt_1.mp3 */ = {isa = PBXFileReference; lastKnownFileType = audio.mp3; path = steps_dirt_1.mp3; sourceTree = "<group>"; };
		11FB4CA12BE2B11F00C42364 /* steps_dirt_2.mp3 */ = {isa = PBXFileReference; lastKnownFileType = audio.mp3; path = steps_dirt_2.mp3; sourceTree = "<group>"; };
		11FB4CA22BE2B11F00C42364 /* steps_dirt_3.mp3 */ = {isa = PBXFileReference; lastKnownFileType = audio.mp3; path = steps_dirt_3.mp3; sourceTree = "<group>"; };
		11FB4CA32BE2B11F00C42364 /* steps_dirt_4.mp3 */ = {isa = PBXFileReference; lastKnownFileType = audio.mp3; path = steps_dirt_4.mp3; sourceTree = "<group>"; };
		11FB4CA42BE2B11F00C42364 /* steps_dirt_5.mp3 */ = {isa = PBXFileReference; lastKnownFileType = audio.mp3; path = steps_dirt_5.mp3; sourceTree = "<group>"; };
		11FB4CA52BE2B11F00C42364 /* steps_dirt_6.mp3 */ = {isa = PBXFileReference; lastKnownFileType = audio.mp3; path = steps_dirt_6.mp3; sourceTree = "<group>"; };
		4B726A042BDFA04300626682 /* Page1AR.swift */ = {isa = PBXFileReference; lastKnownFileType = sourcecode.swift; path = Page1AR.swift; sourceTree = "<group>"; };
		4BD6990B2BE009560085E99B /* LandingPage.swift */ = {isa = PBXFileReference; lastKnownFileType = sourcecode.swift; path = LandingPage.swift; sourceTree = "<group>"; };
/* End PBXFileReference section */

/* Begin PBXFrameworksBuildPhase section */
		110F64812BDC0BAA0031CC8B /* Frameworks */ = {
			isa = PBXFrameworksBuildPhase;
			buildActionMask = 2147483647;
			files = (
			);
			runOnlyForDeploymentPostprocessing = 0;
		};
/* End PBXFrameworksBuildPhase section */

/* Begin PBXGroup section */
		110F647B2BDC0BAA0031CC8B = {
			isa = PBXGroup;
			children = (
				110F64862BDC0BAA0031CC8B /* Nyoba_ARKit_Lagi */,
				110F64852BDC0BAA0031CC8B /* Products */,
			);
			sourceTree = "<group>";
		};
		110F64852BDC0BAA0031CC8B /* Products */ = {
			isa = PBXGroup;
			children = (
				110F64842BDC0BAA0031CC8B /* Nyoba_ARKit_Lagi.app */,
			);
			name = Products;
			sourceTree = "<group>";
		};
		110F64862BDC0BAA0031CC8B /* Nyoba_ARKit_Lagi */ = {
			isa = PBXGroup;
			children = (
				110F64A72BDEC2230031CC8B /* Nyoba-ARKit-Lagi-Info.plist */,
				110F649E2BDC0DD30031CC8B /* Assets */,
				110F64952BDC0C220031CC8B /* Target */,
				110F64872BDC0BAA0031CC8B /* Nyoba_ARKit_LagiApp.swift */,
				110F648B2BDC0BAC0031CC8B /* Assets.xcassets */,
				110F648D2BDC0BAC0031CC8B /* Preview Content */,
			);
			path = Nyoba_ARKit_Lagi;
			sourceTree = "<group>";
		};
		110F648D2BDC0BAC0031CC8B /* Preview Content */ = {
			isa = PBXGroup;
			children = (
				110F648E2BDC0BAC0031CC8B /* Preview Assets.xcassets */,
			);
			path = "Preview Content";
			sourceTree = "<group>";
		};
		110F64952BDC0C220031CC8B /* Target */ = {
			isa = PBXGroup;
			children = (
				110F64992BDC0C610031CC8B /* ARAction.swift */,
				110F64962BDC0C610031CC8B /* ARManager.swift */,
				110F64972BDC0C610031CC8B /* CustomARView.swift */,
				110F64982BDC0C610031CC8B /* CustomARViewRepresentable.swift */,
				110F64892BDC0BAA0031CC8B /* ContentView.swift */,
				4B726A042BDFA04300626682 /* Page1AR.swift */,
				4BD6990B2BE009560085E99B /* LandingPage.swift */,
			);
			path = Target;
			sourceTree = "<group>";
		};
		110F649E2BDC0DD30031CC8B /* Assets */ = {
			isa = PBXGroup;
			children = (
				11FB4CA62BE2B11F00C42364 /* Footsteps */,
				11FB4C982BE2372600C42364 /* Forest_Ambient.wav */,
				11FB4C942BE226C600C42364 /* Semak.usdz */,
				11FB4C952BE226C600C42364 /* Ground.usdz */,
				110F64A82BDF8BB50031CC8B /* Maple_Tree.usdz */,
				110F64B02BDFB2FE0031CC8B /* Pohon_Jauh.usdz */,
				11FB4C922BE0D96700C42364 /* tiger_roar.mp3 */,
				110F64A12BDC0E110031CC8B /* Tiger.usdz */,
				110F649F2BDC0E040031CC8B /* Mountain_BG.png */,
				11FB4C9A2BE23C3400C42364 /* Fog.sks */,
				11FB4C9B2BE23C3400C42364 /* Assets.xcassets */,
			);
			path = Assets;
			sourceTree = "<group>";
		};
		11FB4CA62BE2B11F00C42364 /* Footsteps */ = {
			isa = PBXGroup;
			children = (
				11FB4CA02BE2B11F00C42364 /* steps_dirt_1.mp3 */,
				11FB4CA12BE2B11F00C42364 /* steps_dirt_2.mp3 */,
				11FB4CA22BE2B11F00C42364 /* steps_dirt_3.mp3 */,
				11FB4CA32BE2B11F00C42364 /* steps_dirt_4.mp3 */,
				11FB4CA42BE2B11F00C42364 /* steps_dirt_5.mp3 */,
				11FB4CA52BE2B11F00C42364 /* steps_dirt_6.mp3 */,
			);
			path = Footsteps;
			sourceTree = "<group>";
		};
/* End PBXGroup section */

/* Begin PBXNativeTarget section */
		110F64832BDC0BAA0031CC8B /* Nyoba_ARKit_Lagi */ = {
			isa = PBXNativeTarget;
			buildConfigurationList = 110F64922BDC0BAC0031CC8B /* Build configuration list for PBXNativeTarget "Nyoba_ARKit_Lagi" */;
			buildPhases = (
				110F64802BDC0BAA0031CC8B /* Sources */,
				110F64812BDC0BAA0031CC8B /* Frameworks */,
				110F64822BDC0BAA0031CC8B /* Resources */,
			);
			buildRules = (
			);
			dependencies = (
			);
			name = Nyoba_ARKit_Lagi;
			productName = Nyoba_ARKit_Lagi;
			productReference = 110F64842BDC0BAA0031CC8B /* Nyoba_ARKit_Lagi.app */;
			productType = "com.apple.product-type.application";
		};
/* End PBXNativeTarget section */

/* Begin PBXProject section */
		110F647C2BDC0BAA0031CC8B /* Project object */ = {
			isa = PBXProject;
			attributes = {
				BuildIndependentTargetsInParallel = 1;
				LastSwiftUpdateCheck = 1530;
				LastUpgradeCheck = 1530;
				TargetAttributes = {
					110F64832BDC0BAA0031CC8B = {
						CreatedOnToolsVersion = 15.3;
					};
				};
			};
			buildConfigurationList = 110F647F2BDC0BAA0031CC8B /* Build configuration list for PBXProject "Nyoba_ARKit_Lagi" */;
			compatibilityVersion = "Xcode 14.0";
			developmentRegion = en;
			hasScannedForEncodings = 0;
			knownRegions = (
				en,
				Base,
			);
			mainGroup = 110F647B2BDC0BAA0031CC8B;
			productRefGroup = 110F64852BDC0BAA0031CC8B /* Products */;
			projectDirPath = "";
			projectRoot = "";
			targets = (
				110F64832BDC0BAA0031CC8B /* Nyoba_ARKit_Lagi */,
			);
		};
/* End PBXProject section */

/* Begin PBXResourcesBuildPhase section */
		110F64822BDC0BAA0031CC8B /* Resources */ = {
			isa = PBXResourcesBuildPhase;
			buildActionMask = 2147483647;
			files = (
				11FB4CAB2BE2B11F00C42364 /* steps_dirt_5.mp3 in Resources */,
				11FB4C972BE226C600C42364 /* Ground.usdz in Resources */,
				11FB4CAC2BE2B11F00C42364 /* steps_dirt_6.mp3 in Resources */,
				110F64B12BDFB2FE0031CC8B /* Pohon_Jauh.usdz in Resources */,
				11FB4CAA2BE2B11F00C42364 /* steps_dirt_4.mp3 in Resources */,
				110F648F2BDC0BAC0031CC8B /* Preview Assets.xcassets in Resources */,
				11FB4C932BE0D96700C42364 /* tiger_roar.mp3 in Resources */,
				11FB4C962BE226C600C42364 /* Semak.usdz in Resources */,
				11FB4CA92BE2B11F00C42364 /* steps_dirt_3.mp3 in Resources */,
				11FB4C9C2BE23C3400C42364 /* Fog.sks in Resources */,
				11FB4CA72BE2B11F00C42364 /* steps_dirt_1.mp3 in Resources */,
				11FB4C9D2BE23C3400C42364 /* Assets.xcassets in Resources */,
				11FB4CA82BE2B11F00C42364 /* steps_dirt_2.mp3 in Resources */,
				110F64A22BDC0E120031CC8B /* Tiger.usdz in Resources */,
				110F64A02BDC0E040031CC8B /* Mountain_BG.png in Resources */,
				11FB4C992BE2372600C42364 /* Forest_Ambient.wav in Resources */,
				110F648C2BDC0BAC0031CC8B /* Assets.xcassets in Resources */,
				110F64A92BDF8BB50031CC8B /* Maple_Tree.usdz in Resources */,
			);
			runOnlyForDeploymentPostprocessing = 0;
		};
/* End PBXResourcesBuildPhase section */

/* Begin PBXSourcesBuildPhase section */
		110F64802BDC0BAA0031CC8B /* Sources */ = {
			isa = PBXSourcesBuildPhase;
			buildActionMask = 2147483647;
			files = (
				110F649C2BDC0C610031CC8B /* CustomARViewRepresentable.swift in Sources */,
				4B726A052BDFA04300626682 /* Page1AR.swift in Sources */,
				110F648A2BDC0BAA0031CC8B /* ContentView.swift in Sources */,
				110F649D2BDC0C610031CC8B /* ARAction.swift in Sources */,
				110F649A2BDC0C610031CC8B /* ARManager.swift in Sources */,
				110F649B2BDC0C610031CC8B /* CustomARView.swift in Sources */,
				4BD6990C2BE009560085E99B /* LandingPage.swift in Sources */,
				110F64882BDC0BAA0031CC8B /* Nyoba_ARKit_LagiApp.swift in Sources */,
			);
			runOnlyForDeploymentPostprocessing = 0;
		};
/* End PBXSourcesBuildPhase section */

/* Begin XCBuildConfiguration section */
		110F64902BDC0BAC0031CC8B /* Debug */ = {
			isa = XCBuildConfiguration;
			buildSettings = {
				ALWAYS_SEARCH_USER_PATHS = NO;
				ASSETCATALOG_COMPILER_GENERATE_SWIFT_ASSET_SYMBOL_EXTENSIONS = YES;
				CLANG_ANALYZER_NONNULL = YES;
				CLANG_ANALYZER_NUMBER_OBJECT_CONVERSION = YES_AGGRESSIVE;
				CLANG_CXX_LANGUAGE_STANDARD = "gnu++20";
				CLANG_ENABLE_MODULES = YES;
				CLANG_ENABLE_OBJC_ARC = YES;
				CLANG_ENABLE_OBJC_WEAK = YES;
				CLANG_WARN_BLOCK_CAPTURE_AUTORELEASING = YES;
				CLANG_WARN_BOOL_CONVERSION = YES;
				CLANG_WARN_COMMA = YES;
				CLANG_WARN_CONSTANT_CONVERSION = YES;
				CLANG_WARN_DEPRECATED_OBJC_IMPLEMENTATIONS = YES;
				CLANG_WARN_DIRECT_OBJC_ISA_USAGE = YES_ERROR;
				CLANG_WARN_DOCUMENTATION_COMMENTS = YES;
				CLANG_WARN_EMPTY_BODY = YES;
				CLANG_WARN_ENUM_CONVERSION = YES;
				CLANG_WARN_INFINITE_RECURSION = YES;
				CLANG_WARN_INT_CONVERSION = YES;
				CLANG_WARN_NON_LITERAL_NULL_CONVERSION = YES;
				CLANG_WARN_OBJC_IMPLICIT_RETAIN_SELF = YES;
				CLANG_WARN_OBJC_LITERAL_CONVERSION = YES;
				CLANG_WARN_OBJC_ROOT_CLASS = YES_ERROR;
				CLANG_WARN_QUOTED_INCLUDE_IN_FRAMEWORK_HEADER = YES;
				CLANG_WARN_RANGE_LOOP_ANALYSIS = YES;
				CLANG_WARN_STRICT_PROTOTYPES = YES;
				CLANG_WARN_SUSPICIOUS_MOVE = YES;
				CLANG_WARN_UNGUARDED_AVAILABILITY = YES_AGGRESSIVE;
				CLANG_WARN_UNREACHABLE_CODE = YES;
				CLANG_WARN__DUPLICATE_METHOD_MATCH = YES;
				COPY_PHASE_STRIP = NO;
				DEBUG_INFORMATION_FORMAT = dwarf;
				ENABLE_STRICT_OBJC_MSGSEND = YES;
				ENABLE_TESTABILITY = YES;
				ENABLE_USER_SCRIPT_SANDBOXING = YES;
				GCC_C_LANGUAGE_STANDARD = gnu17;
				GCC_DYNAMIC_NO_PIC = NO;
				GCC_NO_COMMON_BLOCKS = YES;
				GCC_OPTIMIZATION_LEVEL = 0;
				GCC_PREPROCESSOR_DEFINITIONS = (
					"DEBUG=1",
					"$(inherited)",
				);
				GCC_WARN_64_TO_32_BIT_CONVERSION = YES;
				GCC_WARN_ABOUT_RETURN_TYPE = YES_ERROR;
				GCC_WARN_UNDECLARED_SELECTOR = YES;
				GCC_WARN_UNINITIALIZED_AUTOS = YES_AGGRESSIVE;
				GCC_WARN_UNUSED_FUNCTION = YES;
				GCC_WARN_UNUSED_VARIABLE = YES;
				IPHONEOS_DEPLOYMENT_TARGET = 17.4;
				LOCALIZATION_PREFERS_STRING_CATALOGS = YES;
				MTL_ENABLE_DEBUG_INFO = INCLUDE_SOURCE;
				MTL_FAST_MATH = YES;
				ONLY_ACTIVE_ARCH = YES;
				SDKROOT = iphoneos;
				SWIFT_ACTIVE_COMPILATION_CONDITIONS = "DEBUG $(inherited)";
				SWIFT_OPTIMIZATION_LEVEL = "-Onone";
			};
			name = Debug;
		};
		110F64912BDC0BAC0031CC8B /* Release */ = {
			isa = XCBuildConfiguration;
			buildSettings = {
				ALWAYS_SEARCH_USER_PATHS = NO;
				ASSETCATALOG_COMPILER_GENERATE_SWIFT_ASSET_SYMBOL_EXTENSIONS = YES;
				CLANG_ANALYZER_NONNULL = YES;
				CLANG_ANALYZER_NUMBER_OBJECT_CONVERSION = YES_AGGRESSIVE;
				CLANG_CXX_LANGUAGE_STANDARD = "gnu++20";
				CLANG_ENABLE_MODULES = YES;
				CLANG_ENABLE_OBJC_ARC = YES;
				CLANG_ENABLE_OBJC_WEAK = YES;
				CLANG_WARN_BLOCK_CAPTURE_AUTORELEASING = YES;
				CLANG_WARN_BOOL_CONVERSION = YES;
				CLANG_WARN_COMMA = YES;
				CLANG_WARN_CONSTANT_CONVERSION = YES;
				CLANG_WARN_DEPRECATED_OBJC_IMPLEMENTATIONS = YES;
				CLANG_WARN_DIRECT_OBJC_ISA_USAGE = YES_ERROR;
				CLANG_WARN_DOCUMENTATION_COMMENTS = YES;
				CLANG_WARN_EMPTY_BODY = YES;
				CLANG_WARN_ENUM_CONVERSION = YES;
				CLANG_WARN_INFINITE_RECURSION = YES;
				CLANG_WARN_INT_CONVERSION = YES;
				CLANG_WARN_NON_LITERAL_NULL_CONVERSION = YES;
				CLANG_WARN_OBJC_IMPLICIT_RETAIN_SELF = YES;
				CLANG_WARN_OBJC_LITERAL_CONVERSION = YES;
				CLANG_WARN_OBJC_ROOT_CLASS = YES_ERROR;
				CLANG_WARN_QUOTED_INCLUDE_IN_FRAMEWORK_HEADER = YES;
				CLANG_WARN_RANGE_LOOP_ANALYSIS = YES;
				CLANG_WARN_STRICT_PROTOTYPES = YES;
				CLANG_WARN_SUSPICIOUS_MOVE = YES;
				CLANG_WARN_UNGUARDED_AVAILABILITY = YES_AGGRESSIVE;
				CLANG_WARN_UNREACHABLE_CODE = YES;
				CLANG_WARN__DUPLICATE_METHOD_MATCH = YES;
				COPY_PHASE_STRIP = NO;
				DEBUG_INFORMATION_FORMAT = "dwarf-with-dsym";
				ENABLE_NS_ASSERTIONS = NO;
				ENABLE_STRICT_OBJC_MSGSEND = YES;
				ENABLE_USER_SCRIPT_SANDBOXING = YES;
				GCC_C_LANGUAGE_STANDARD = gnu17;
				GCC_NO_COMMON_BLOCKS = YES;
				GCC_WARN_64_TO_32_BIT_CONVERSION = YES;
				GCC_WARN_ABOUT_RETURN_TYPE = YES_ERROR;
				GCC_WARN_UNDECLARED_SELECTOR = YES;
				GCC_WARN_UNINITIALIZED_AUTOS = YES_AGGRESSIVE;
				GCC_WARN_UNUSED_FUNCTION = YES;
				GCC_WARN_UNUSED_VARIABLE = YES;
				IPHONEOS_DEPLOYMENT_TARGET = 17.4;
				LOCALIZATION_PREFERS_STRING_CATALOGS = YES;
				MTL_ENABLE_DEBUG_INFO = NO;
				MTL_FAST_MATH = YES;
				SDKROOT = iphoneos;
				SWIFT_COMPILATION_MODE = wholemodule;
				VALIDATE_PRODUCT = YES;
			};
			name = Release;
		};
		110F64932BDC0BAC0031CC8B /* Debug */ = {
			isa = XCBuildConfiguration;
			buildSettings = {
				ASSETCATALOG_COMPILER_APPICON_NAME = AppIcon;
				ASSETCATALOG_COMPILER_GLOBAL_ACCENT_COLOR_NAME = AccentColor;
				CODE_SIGN_STYLE = Automatic;
				CURRENT_PROJECT_VERSION = 1;
				DEVELOPMENT_ASSET_PATHS = "\"Nyoba_ARKit_Lagi/Preview Content\"";
				DEVELOPMENT_TEAM = 53V73K3799;
				ENABLE_PREVIEWS = YES;
				GENERATE_INFOPLIST_FILE = YES;
				INFOPLIST_FILE = "Nyoba-ARKit-Lagi-Info.plist";
				INFOPLIST_KEY_CFBundleDisplayName = Monara;
				INFOPLIST_KEY_NSCameraUsageDescription = "Wants to use camera for AR";
				INFOPLIST_KEY_NSMotionUsageDescription = "Wants to use motion data";
				INFOPLIST_KEY_UIApplicationSceneManifest_Generation = YES;
				INFOPLIST_KEY_UIApplicationSupportsIndirectInputEvents = YES;
				INFOPLIST_KEY_UISupportedInterfaceOrientations_iPad = "UIInterfaceOrientationPortrait UIInterfaceOrientationPortraitUpsideDown UIInterfaceOrientationLandscapeLeft UIInterfaceOrientationLandscapeRight";
				INFOPLIST_KEY_UISupportedInterfaceOrientations_iPhone = "UIInterfaceOrientationPortrait UIInterfaceOrientationLandscapeLeft UIInterfaceOrientationLandscapeRight";
				LD_RUNPATH_SEARCH_PATHS = (
					"$(inherited)",
					"@executable_path/Frameworks",
				);
				MARKETING_VERSION = 1.0;
				PRODUCT_BUNDLE_IDENTIFIER = "fan4.Nyoba-ARKit-Lagi";
				PRODUCT_NAME = "$(TARGET_NAME)";
				SUPPORTED_PLATFORMS = "iphoneos iphonesimulator";
				SUPPORTS_MACCATALYST = NO;
				SUPPORTS_MAC_DESIGNED_FOR_IPHONE_IPAD = NO;
				SUPPORTS_XR_DESIGNED_FOR_IPHONE_IPAD = NO;
				SWIFT_EMIT_LOC_STRINGS = YES;
				SWIFT_VERSION = 5.0;
				TARGETED_DEVICE_FAMILY = "1,2";
			};
			name = Debug;
		};
		110F64942BDC0BAC0031CC8B /* Release */ = {
			isa = XCBuildConfiguration;
			buildSettings = {
				ASSETCATALOG_COMPILER_APPICON_NAME = AppIcon;
				ASSETCATALOG_COMPILER_GLOBAL_ACCENT_COLOR_NAME = AccentColor;
				CODE_SIGN_STYLE = Automatic;
				CURRENT_PROJECT_VERSION = 1;
				DEVELOPMENT_ASSET_PATHS = "\"Nyoba_ARKit_Lagi/Preview Content\"";
				DEVELOPMENT_TEAM = 53V73K3799;
				ENABLE_PREVIEWS = YES;
				GENERATE_INFOPLIST_FILE = YES;
				INFOPLIST_FILE = "Nyoba-ARKit-Lagi-Info.plist";
				INFOPLIST_KEY_CFBundleDisplayName = Monara;
				INFOPLIST_KEY_NSCameraUsageDescription = "Wants to use camera for AR";
				INFOPLIST_KEY_NSMotionUsageDescription = "Wants to use motion data";
				INFOPLIST_KEY_UIApplicationSceneManifest_Generation = YES;
				INFOPLIST_KEY_UIApplicationSupportsIndirectInputEvents = YES;
				INFOPLIST_KEY_UISupportedInterfaceOrientations_iPad = "UIInterfaceOrientationPortrait UIInterfaceOrientationPortraitUpsideDown UIInterfaceOrientationLandscapeLeft UIInterfaceOrientationLandscapeRight";
				INFOPLIST_KEY_UISupportedInterfaceOrientations_iPhone = "UIInterfaceOrientationPortrait UIInterfaceOrientationLandscapeLeft UIInterfaceOrientationLandscapeRight";
				LD_RUNPATH_SEARCH_PATHS = (
					"$(inherited)",
					"@executable_path/Frameworks",
				);
				MARKETING_VERSION = 1.0;
				PRODUCT_BUNDLE_IDENTIFIER = "fan4.Nyoba-ARKit-Lagi";
				PRODUCT_NAME = "$(TARGET_NAME)";
				SUPPORTED_PLATFORMS = "iphoneos iphonesimulator";
				SUPPORTS_MACCATALYST = NO;
				SUPPORTS_MAC_DESIGNED_FOR_IPHONE_IPAD = NO;
				SUPPORTS_XR_DESIGNED_FOR_IPHONE_IPAD = NO;
				SWIFT_EMIT_LOC_STRINGS = YES;
				SWIFT_VERSION = 5.0;
				TARGETED_DEVICE_FAMILY = "1,2";
			};
			name = Release;
		};
/* End XCBuildConfiguration section */

/* Begin XCConfigurationList section */
		110F647F2BDC0BAA0031CC8B /* Build configuration list for PBXProject "Nyoba_ARKit_Lagi" */ = {
			isa = XCConfigurationList;
			buildConfigurations = (
				110F64902BDC0BAC0031CC8B /* Debug */,
				110F64912BDC0BAC0031CC8B /* Release */,
			);
			defaultConfigurationIsVisible = 0;
			defaultConfigurationName = Release;
		};
		110F64922BDC0BAC0031CC8B /* Build configuration list for PBXNativeTarget "Nyoba_ARKit_Lagi" */ = {
			isa = XCConfigurationList;
			buildConfigurations = (
				110F64932BDC0BAC0031CC8B /* Debug */,
				110F64942BDC0BAC0031CC8B /* Release */,
			);
			defaultConfigurationIsVisible = 0;
			defaultConfigurationName = Release;
		};
/* End XCConfigurationList section */
	};
	rootObject = 110F647C2BDC0BAA0031CC8B /* Project object */;
}
